{
  "name": "quubee-font-build",
  "version": "1.0.0",
  "lockfileVersion": 3,
  "requires": true,
  "packages": {
    "": {
      "name": "quubee-font-build",
      "version": "1.0.0",
      "devDependencies": {
        "bdf": "github:erkkah/BDF.js#a412e123af992d2b54b74803cb1fa59499780da9"
      }
    },
    "node_modules/bdf": {
      "version": "1.0.1",
      "resolved": "git+ssh://git@github.com/erkkah/BDF.js.git#a412e123af992d2b54b74803cb1fa59499780da9",
      "integrity": "sha512-+7tGUxilzv3khmwmJomHo88EDQChKVShmqDjkh4Ert8MFQ1aUVQup+VjifomBfju8VqL5y4lr8cu9OWwBEYbZw==",
      "dev": true,
      "license": "MPL 2.0"
    }
  }
}
